// !$*UTF8*$!
{
	archiveVersion = 1;
	classes = {
	};
	objectVersion = 46;
	objects = {

/* Begin PBXBuildFile section */
		BA1760DE1EBDD45600EBB3CF /* AppDelegate.swift in Sources */ = {isa = PBXBuildFile; fileRef = BA1760DD1EBDD45600EBB3CF /* AppDelegate.swift */; };
		BA1760E01EBDD45600EBB3CF /* ViewController.swift in Sources */ = {isa = PBXBuildFile; fileRef = BA1760DF1EBDD45600EBB3CF /* ViewController.swift */; };
		BA1760E31EBDD45600EBB3CF /* Main.storyboard in Resources */ = {isa = PBXBuildFile; fileRef = BA1760E11EBDD45600EBB3CF /* Main.storyboard */; };
		BA1760E51EBDD45600EBB3CF /* Assets.xcassets in Resources */ = {isa = PBXBuildFile; fileRef = BA1760E41EBDD45600EBB3CF /* Assets.xcassets */; };
		BA1760E81EBDD45600EBB3CF /* LaunchScreen.storyboard in Resources */ = {isa = PBXBuildFile; fileRef = BA1760E61EBDD45600EBB3CF /* LaunchScreen.storyboard */; };
/* End PBXBuildFile section */

/* Begin PBXFileReference section */
		BA1760DA1EBDD45600EBB3CF /* eChallan.app */ = {isa = PBXFileReference; explicitFileType = wrapper.application; includeInIndex = 0; path = eChallan.app; sourceTree = BUILT_PRODUCTS_DIR; };
		BA1760DD1EBDD45600EBB3CF /* AppDelegate.swift */ = {isa = PBXFileReference; lastKnownFileType = sourcecode.swift; path = AppDelegate.swift; sourceTree = "<group>"; };
		BA1760DF1EBDD45600EBB3CF /* ViewController.swift */ = {isa = PBXFileReference; lastKnownFileType = sourcecode.swift; path = ViewController.swift; sourceTree = "<group>"; };
		BA1760E21EBDD45600EBB3CF /* Base */ = {isa = PBXFileReference; lastKnownFileType = file.storyboard; name = Base; path = Base.lproj/Main.storyboard; sourceTree = "<group>"; };
		BA1760E41EBDD45600EBB3CF /* Assets.xcassets */ = {isa = PBXFileReference; lastKnownFileType = folder.assetcatalog; path = Assets.xcassets; sourceTree = "<group>"; };
		BA1760E71EBDD45600EBB3CF /* Base */ = {isa = PBXFileReference; lastKnownFileType = file.storyboard; name = Base; path = Base.lproj/LaunchScreen.storyboard; sourceTree = "<group>"; };
		BA1760E91EBDD45600EBB3CF /* Info.plist */ = {isa = PBXFileReference; lastKnownFileType = text.plist.xml; path = Info.plist; sourceTree = "<group>"; };
/* End PBXFileReference section */

/* Begin PBXFrameworksBuildPhase section */
		BA1760D71EBDD45600EBB3CF /* Frameworks */ = {
			isa = PBXFrameworksBuildPhase;
			buildActionMask = 2147483647;
			files = (
			);
			runOnlyForDeploymentPostprocessing = 0;
		};
/* End PBXFrameworksBuildPhase section */

/* Begin PBXGroup section */
		BA1760D11EBDD45600EBB3CF = {
			isa = PBXGroup;
			children = (
				BA1760DC1EBDD45600EBB3CF /* eChallan */,
				BA1760DB1EBDD45600EBB3CF /* Products */,
			);
			sourceTree = "<group>";
		};
		BA1760DB1EBDD45600EBB3CF /* Products */ = {
			isa = PBXGroup;
			children = (
				BA1760DA1EBDD45600EBB3CF /* eChallan.app */,
			);
			name = Products;
			sourceTree = "<group>";
		};
		BA1760DC1EBDD45600EBB3CF /* eChallan */ = {
			isa = PBXGroup;
			children = (
				BA1760DD1EBDD45600EBB3CF /* AppDelegate.swift */,
				BA1760DF1EBDD45600EBB3CF /* ViewController.swift */,
				BA1760E11EBDD45600EBB3CF /* Main.storyboard */,
				BA1760E41EBDD45600EBB3CF /* Assets.xcassets */,
				BA1760E61EBDD45600EBB3CF /* LaunchScreen.storyboard */,
				BA1760E91EBDD45600EBB3CF /* Info.plist */,
			);
			path = eChallan;
			sourceTree = "<group>";
		};
/* End PBXGroup section */

/* Begin PBXNativeTarget section */
		BA1760D91EBDD45600EBB3CF /* eChallan */ = {
			isa = PBXNativeTarget;
			buildConfigurationList = BA1760EC1EBDD45600EBB3CF /* Build configuration list for PBXNativeTarget "eChallan" */;
			buildPhases = (
				BA1760D61EBDD45600EBB3CF /* Sources */,
				BA1760D71EBDD45600EBB3CF /* Frameworks */,
				BA1760D81EBDD45600EBB3CF /* Resources */,
			);
			buildRules = (
			);
			dependencies = (
			);
			name = eChallan;
			productName = eChallan;
			productReference = BA1760DA1EBDD45600EBB3CF /* eChallan.app */;
			productType = "com.apple.product-type.application";
		};
/* End PBXNativeTarget section */

/* Begin PBXProject section */
		BA1760D21EBDD45600EBB3CF /* Project object */ = {
			isa = PBXProject;
			attributes = {
				LastSwiftUpdateCheck = 0820;
				LastUpgradeCheck = 0820;
				ORGANIZATIONNAME = "Sahil Dhawan";
				TargetAttributes = {
					BA1760D91EBDD45600EBB3CF = {
						CreatedOnToolsVersion = 8.2.1;
						DevelopmentTeam = 7Q7M69XNR3;
						ProvisioningStyle = Automatic;
					};
				};
			};
			buildConfigurationList = BA1760D51EBDD45600EBB3CF /* Build configuration list for PBXProject "eChallan" */;
			compatibilityVersion = "Xcode 3.2";
			developmentRegion = English;
			hasScannedForEncodings = 0;
			knownRegions = (
				en,
				Base,
			);
			mainGroup = BA1760D11EBDD45600EBB3CF;
			productRefGroup = BA1760DB1EBDD45600EBB3CF /* Products */;
			projectDirPath = "";
			projectRoot = "";
			targets = (
				BA1760D91EBDD45600EBB3CF /* eChallan */,
			);
		};
/* End PBXProject section */

/* Begin PBXResourcesBuildPhase section */
		BA1760D81EBDD45600EBB3CF /* Resources */ = {
			isa = PBXResourcesBuildPhase;
			buildActionMask = 2147483647;
			files = (
				BA1760E81EBDD45600EBB3CF /* LaunchScreen.storyboard in Resources */,
				BA1760E51EBDD45600EBB3CF /* Assets.xcassets in Resources */,
				BA1760E31EBDD45600EBB3CF /* Main.storyboard in Resources */,
			);
			runOnlyForDeploymentPostprocessing = 0;
		};
/* End PBXResourcesBuildPhase section */

/* Begin PBXSourcesBuildPhase section */
		BA1760D61EBDD45600EBB3CF /* Sources */ = {
			isa = PBXSourcesBuildPhase;
			buildActionMask = 2147483647;
			files = (
				BA1760E01EBDD45600EBB3CF /* ViewController.swift in Sources */,
				BA1760DE1EBDD45600EBB3CF /* AppDelegate.swift in Sources */,
			);
			runOnlyForDeploymentPostprocessing = 0;
		};
/* End PBXSourcesBuildPhase section */

/* Begin PBXVariantGroup section */
		BA1760E11EBDD45600EBB3CF /* Main.storyboard */ = {
			isa = PBXVariantGroup;
			children = (
				BA1760E21EBDD45600EBB3CF /* Base */,
			);
			name = Main.storyboard;
			sourceTree = "<group>";
		};
		BA1760E61EBDD45600EBB3CF /* LaunchScreen.storyboard */ = {
			isa = PBXVariantGroup;
			children = (
				BA1760E71EBDD45600EBB3CF /* Base */,
			);
			name = LaunchScreen.storyboard;
			sourceTree = "<group>";
		};
/* End PBXVariantGroup section */

/* Begin XCBuildConfiguration section */
		BA1760EA1EBDD45600EBB3CF /* Debug */ = {
			isa = XCBuildConfiguration;
			buildSettings = {
				ALWAYS_SEARCH_USER_PATHS = NO;
				CLANG_ANALYZER_NONNULL = YES;
				CLANG_CXX_LANGUAGE_STANDARD = "gnu++0x";
				CLANG_CXX_LIBRARY = "libc++";
				CLANG_ENABLE_MODULES = YES;
				CLANG_ENABLE_OBJC_ARC = YES;
				CLANG_WARN_BOOL_CONVERSION = YES;
				CLANG_WARN_CONSTANT_CONVERSION = YES;
				CLANG_WARN_DIRECT_OBJC_ISA_USAGE = YES_ERROR;
				CLANG_WARN_DOCUMENTATION_COMMENTS = YES;
				CLANG_WARN_EMPTY_BODY = YES;
				CLANG_WARN_ENUM_CONVERSION = YES;
				CLANG_WARN_INFINITE_RECURSION = YES;
				CLANG_WARN_INT_CONVERSION = YES;
				CLANG_WARN_OBJC_ROOT_CLASS = YES_ERROR;
				CLANG_WARN_SUSPICIOUS_MOVE = YES;
				CLANG_WARN_UNREACHABLE_CODE = YES;
				CLANG_WARN__DUPLICATE_METHOD_MATCH = YES;
				"CODE_SIGN_IDENTITY[sdk=iphoneos*]" = "iPhone Developer";
				COPY_PHASE_STRIP = NO;
				DEBUG_INFORMATION_FORMAT = dwarf;
				ENABLE_STRICT_OBJC_MSGSEND = YES;
				ENABLE_TESTABILITY = YES;
				GCC_C_LANGUAGE_STANDARD = gnu99;
				GCC_DYNAMIC_NO_PIC = NO;
				GCC_NO_COMMON_BLOCKS = YES;
				GCC_OPTIMIZATION_LEVEL = 0;
				GCC_PREPROCESSOR_DEFINITIONS = (
					"DEBUG=1",
					"$(inherited)",
				);
				GCC_WARN_64_TO_32_BIT_CONVERSION = YES;
				GCC_WARN_ABOUT_RETURN_TYPE = YES_ERROR;
				GCC_WARN_UNDECLARED_SELECTOR = YES;
				GCC_WARN_UNINITIALIZED_AUTOS = YES_AGGRESSIVE;
				GCC_WARN_UNUSED_FUNCTION = YES;
				GCC_WARN_UNUSED_VARIABLE = YES;
				IPHONEOS_DEPLOYMENT_TARGET = 10.2;
				MTL_ENABLE_DEBUG_INFO = YES;
				ONLY_ACTIVE_ARCH = YES;
				SDKROOT = iphoneos;
				SWIFT_ACTIVE_COMPILATION_CONDITIONS = DEBUG;
				SWIFT_OPTIMIZATION_LEVEL = "-Onone";
				TARGETED_DEVICE_FAMILY = "1,2";
			};
			name = Debug;
		};
		BA1760EB1EBDD45600EBB3CF /* Release */ = {
			isa = XCBuildConfiguration;
			buildSettings = {
				ALWAYS_SEARCH_USER_PATHS = NO;
				CLANG_ANALYZER_NONNULL = YES;
				CLANG_CXX_LANGUAGE_STANDARD = "gnu++0x";
				CLANG_CXX_LIBRARY = "libc++";
				CLANG_ENABLE_MODULES = YES;
				CLANG_ENABLE_OBJC_ARC = YES;
				CLANG_WARN_BOOL_CONVERSION = YES;
				CLANG_WARN_CONSTANT_CONVERSION = YES;
				CLANG_WARN_DIRECT_OBJC_ISA_USAGE = YES_ERROR;
				CLANG_WARN_DOCUMENTATION_COMMENTS = YES;
				CLANG_WARN_EMPTY_BODY = YES;
				CLANG_WARN_ENUM_CONVERSION = YES;
				CLANG_WARN_INFINITE_RECURSION = YES;
				CLANG_WARN_INT_CONVERSION = YES;
				CLANG_WARN_OBJC_ROOT_CLASS = YES_ERROR;
				CLANG_WARN_SUSPICIOUS_MOVE = YES;
				CLANG_WARN_UNREACHABLE_CODE = YES;
				CLANG_WARN__DUPLICATE_METHOD_MATCH = YES;
				"CODE_SIGN_IDENTITY[sdk=iphoneos*]" = "iPhone Developer";
				COPY_PHASE_STRIP = NO;
				DEBUG_INFORMATION_FORMAT = "dwarf-with-dsym";
				ENABLE_NS_ASSERTIONS = NO;
				ENABLE_STRICT_OBJC_MSGSEND = YES;
				GCC_C_LANGUAGE_STANDARD = gnu99;
				GCC_NO_COMMON_BLOCKS = YES;
				GCC_WARN_64_TO_32_BIT_CONVERSION = YES;
				GCC_WARN_ABOUT_RETURN_TYPE = YES_ERROR;
				GCC_WARN_UNDECLARED_SELECTOR = YES;
				GCC_WARN_UNINITIALIZED_AUTOS = YES_AGGRESSIVE;
				GCC_WARN_UNUSED_FUNCTION = YES;
				GCC_WARN_UNUSED_VARIABLE = YES;
				IPHONEOS_DEPLOYMENT_TARGET = 10.2;
				MTL_ENABLE_DEBUG_INFO = NO;
				SDKROOT = iphoneos;
				SWIFT_OPTIMIZATION_LEVEL = "-Owholemodule";
				TARGETED_DEVICE_FAMILY = "1,2";
				VALIDATE_PRODUCT = YES;
			};
			name = Release;
		};
		BA1760ED1EBDD45600EBB3CF /* Debug */ = {
			isa = XCBuildConfiguration;
			buildSettings = {
				ASSETCATALOG_COMPILER_APPICON_NAME = AppIcon;
				DEVELOPMENT_TEAM = 7Q7M69XNR3;
				INFOPLIST_FILE = eChallan/Info.plist;
				LD_RUNPATH_SEARCH_PATHS = "$(inherited) @executable_path/Frameworks";
				PRODUCT_BUNDLE_IDENTIFIER = "dhawan-sahil.eChallan";
				PRODUCT_NAME = "$(TARGET_NAME)";
				SWIFT_VERSION = 3.0;
			};
			name = Debug;
		};
		BA1760EE1EBDD45600EBB3CF /* Release */ = {
			isa = XCBuildConfiguration;
			buildSettings = {
				ASSETCATALOG_COMPILER_APPICON_NAME = AppIcon;
				DEVELOPMENT_TEAM = 7Q7M69XNR3;
				INFOPLIST_FILE = eChallan/Info.plist;
				LD_RUNPATH_SEARCH_PATHS = "$(inherited) @executable_path/Frameworks";
				PRODUCT_BUNDLE_IDENTIFIER = "dhawan-sahil.eChallan";
				PRODUCT_NAME = "$(TARGET_NAME)";
				SWIFT_VERSION = 3.0;
			};
			name = Release;
		};
/* End XCBuildConfiguration section */

/* Begin XCConfigurationList section */
		BA1760D51EBDD45600EBB3CF /* Build configuration list for PBXProject "eChallan" */ = {
			isa = XCConfigurationList;
			buildConfigurations = (
				BA1760EA1EBDD45600EBB3CF /* Debug */,
				BA1760EB1EBDD45600EBB3CF /* Release */,
			);
			defaultConfigurationIsVisible = 0;
			defaultConfigurationName = Release;
		};
		BA1760EC1EBDD45600EBB3CF /* Build configuration list for PBXNativeTarget "eChallan" */ = {
			isa = XCConfigurationList;
			buildConfigurations = (
				BA1760ED1EBDD45600EBB3CF /* Debug */,
				BA1760EE1EBDD45600EBB3CF /* Release */,
			);
			defaultConfigurationIsVisible = 0;
		};
/* End XCConfigurationList section */
	};
	rootObject = BA1760D21EBDD45600EBB3CF /* Project object */;
}
